lockfileVersion: '9.0'

settings:
  autoInstallPeers: true
  excludeLinksFromLockfile: false

importers:

  .:
    dependencies:
      elysia:
        specifier: ^1.0.22
        version: 1.0.22(@sinclair/typebox@0.32.31)
      hono:
        specifier: ^4.4.3
        version: 4.4.3

packages:

  '@sinclair/typebox@0.32.31':
    resolution: {integrity: sha512-rYB0tgGHawpom3ZwwsGidvI0NI+W/rRHu1dyyO1KlIoH8iMdg3esSnYQxQtyJ8eflhqxmzEV7Nu8zT4JY7CHKw==}

  cookie@0.6.0:
    resolution: {integrity: sha512-U71cyTamuh1CRNCfpGY6to28lxvNwPG4Guz/EVjgf3Jmzv0vlDp1atT9eS5dDjMYHucpHbWns6Lwf3BKz6svdw==}
    engines: {node: '>= 0.6'}

  elysia@1.0.22:
    resolution: {integrity: sha512-bEdO6glElFciGvtYGzZoQ4mZyfTCNGm63jpCvPYIs+cC65i37qP93DFT+ZasB3s4m5HnavklCuXHKtuo5X2o8A==}
    peerDependencies:
      '@sinclair/typebox': '>= 0.31.0'
      openapi-types: '>= 12.0.0'
      typescript: '>= 5.0.0'
    peerDependenciesMeta:
      openapi-types:
        optional: true
      typescript:
        optional: true

  eventemitter3@5.0.1:
    resolution: {integrity: sha512-GWkBvjiSZK87ELrYOSESUYeVIc9mvLLf/nXalMOS5dYrgZq9o5OVkbZAVM06CVxYsCwH9BDZFPlQTlPA1j4ahA==}

  fast-decode-uri-component@1.0.1:
    resolution: {integrity: sha512-WKgKWg5eUxvRZGwW8FvfbaH7AXSh2cL+3j5fMGzUMCxWBJ3dV3a7Wz8y2f/uQ0e3B6WmodD3oS54jTQ9HVTIIg==}

  fast-querystring@1.1.2:
    resolution: {integrity: sha512-g6KuKWmFXc0fID8WWH0jit4g0AGBoJhCkJMb1RmbsSEUNvQ+ZC8D6CUZ+GtF8nMzSPXnhiePyyqqipzNNEnHjg==}

  hono@4.4.3:
    resolution: {integrity: sha512-G7rTruKzrHXPz1KB4B50deKydPA9+aeei+WC1hikP0abN9N+a6yORuweageaqWocYfYNkpoqA5ezGV2mzQasvw==}
    engines: {node: '>=16.0.0'}

snapshots:

  '@sinclair/typebox@0.32.31': {}

  cookie@0.6.0: {}

  elysia@1.0.22(@sinclair/typebox@0.32.31):
    dependencies:
      '@sinclair/typebox': 0.32.31
      cookie: 0.6.0
      eventemitter3: 5.0.1
      fast-decode-uri-component: 1.0.1
      fast-querystring: 1.1.2

  eventemitter3@5.0.1: {}

  fast-decode-uri-component@1.0.1: {}

  fast-querystring@1.1.2:
    dependencies:
      fast-decode-uri-component: 1.0.1

  hono@4.4.3: {}
